
Microsoft Visual Studio Solution File, Format Version 12.00
# Visual Studio Version 16
VisualStudioVersion = 16.0.30503.244
MinimumVisualStudioVersion = 10.0.40219.1
Project("{8BC9CEB8-8B4A-11D0-8D11-00A0C91BC942}") = "QtGui", "QtGui\QtGui.vcxproj", "{26068027-978B-49E3-837D-B8B557B19345}"
EndProject
Global
	GlobalSection(SolutionConfigurationPlatforms) = preSolution
		Debug|x64 = Debug|x64
		Release|x64 = Release|x64
	EndGlobalSection
	GlobalSection(ProjectConfigurationPlatforms) = postSolution
		{26068027-978B-49E3-837D-B8B557B19345}.Debug|x64.ActiveCfg = Debug|x64
		{26068027-978B-49E3-837D-B8B557B19345}.Debug|x64.Build.0 = Debug|x64
		{26068027-978B-49E3-837D-B8B557B19345}.Release|x64.ActiveCfg = Release|x64
		{26068027-978B-49E3-837D-B8B557B19345}.Release|x64.Build.0 = Release|x64
	EndGlobalSection
	GlobalSection(SolutionProperties) = preSolution
		HideSolutionNode = FALSE
	EndGlobalSection
	GlobalSection(ExtensibilityGlobals) = postSolution
		SolutionGuid = {8F81BC36-6E4E-4B79-B2C3-3C15DDA81880}
	EndGlobalSection
EndGlobal
